
Microsoft Visual Studio Solution File, Format Version 12.00
# Visual Studio Version 16
VisualStudioVersion = 16.0.35425.106
MinimumVisualStudioVersion = 10.0.40219.1
Project("{FAE04EC0-301F-11D3-BF4B-00C04F79EFBC}") = "SGC_PORTFOLIO", "SGC_PORTFOLIO\SGC_PORTFOLIO.csproj", "{D7E7E7F4-AC1C-4D60-811F-98ABF05AA947}"
EndProject
Global
	GlobalSection(SolutionConfigurationPlatforms) = preSolution
		Debug|Any CPU = Debug|Any CPU
		Release|Any CPU = Release|Any CPU
	EndGlobalSection
	GlobalSection(ProjectConfigurationPlatforms) = postSolution
		{D7E7E7F4-AC1C-4D60-811F-98ABF05AA947}.Debug|Any CPU.ActiveCfg = Debug|Any CPU
		{D7E7E7F4-AC1C-4D60-811F-98ABF05AA947}.Debug|Any CPU.Build.0 = Debug|Any CPU
		{D7E7E7F4-AC1C-4D60-811F-98ABF05AA947}.Release|Any CPU.ActiveCfg = Release|Any CPU
		{D7E7E7F4-AC1C-4D60-811F-98ABF05AA947}.Release|Any CPU.Build.0 = Release|Any CPU
	EndGlobalSection
	GlobalSection(SolutionProperties) = preSolution
		HideSolutionNode = FALSE
	EndGlobalSection
	GlobalSection(ExtensibilityGlobals) = postSolution
		SolutionGuid = {FD9E7A78-2CF8-4089-AABF-32C17ADA317D}
	EndGlobalSection
EndGlobal
